
Microsoft Visual Studio Solution File, Format Version 12.00
# Visual Studio 14
VisualStudioVersion = 14.0.25420.1
MinimumVisualStudioVersion = 10.0.40219.1
Project("{FAE04EC0-301F-11D3-BF4B-00C04F79EFBC}") = "WeatherApp", "WeatherApp\WeatherApp.csproj", "{21083396-BFF1-477E-9250-95DF082655EB}"
EndProject
Global
	GlobalSection(SolutionConfigurationPlatforms) = preSolution
		Ad-Hoc|iPhone = Ad-Hoc|iPhone
		Ad-Hoc|iPhoneSimulator = Ad-Hoc|iPhoneSimulator
		AppStore|iPhone = AppStore|iPhone
		AppStore|iPhoneSimulator = AppStore|iPhoneSimulator
		Debug|iPhone = Debug|iPhone
		Debug|iPhoneSimulator = Debug|iPhoneSimulator
		Release|iPhone = Release|iPhone
		Release|iPhoneSimulator = Release|iPhoneSimulator
	EndGlobalSection
	GlobalSection(ProjectConfigurationPlatforms) = postSolution
		{21083396-BFF1-477E-9250-95DF082655EB}.Ad-Hoc|iPhone.ActiveCfg = Ad-Hoc|iPhone
		{21083396-BFF1-477E-9250-95DF082655EB}.Ad-Hoc|iPhone.Build.0 = Ad-Hoc|iPhone
		{21083396-BFF1-477E-9250-95DF082655EB}.Ad-Hoc|iPhoneSimulator.ActiveCfg = Ad-Hoc|iPhoneSimulator
		{21083396-BFF1-477E-9250-95DF082655EB}.Ad-Hoc|iPhoneSimulator.Build.0 = Ad-Hoc|iPhoneSimulator
		{21083396-BFF1-477E-9250-95DF082655EB}.AppStore|iPhone.ActiveCfg = AppStore|iPhone
		{21083396-BFF1-477E-9250-95DF082655EB}.AppStore|iPhone.Build.0 = AppStore|iPhone
		{21083396-BFF1-477E-9250-95DF082655EB}.AppStore|iPhoneSimulator.ActiveCfg = AppStore|iPhoneSimulator
		{21083396-BFF1-477E-9250-95DF082655EB}.AppStore|iPhoneSimulator.Build.0 = AppStore|iPhoneSimulator
		{21083396-BFF1-477E-9250-95DF082655EB}.Debug|iPhone.ActiveCfg = Debug|iPhone
		{21083396-BFF1-477E-9250-95DF082655EB}.Debug|iPhone.Build.0 = Debug|iPhone
		{21083396-BFF1-477E-9250-95DF082655EB}.Debug|iPhoneSimulator.ActiveCfg = Debug|iPhoneSimulator
		{21083396-BFF1-477E-9250-95DF082655EB}.Debug|iPhoneSimulator.Build.0 = Debug|iPhoneSimulator
		{21083396-BFF1-477E-9250-95DF082655EB}.Release|iPhone.ActiveCfg = Release|iPhone
		{21083396-BFF1-477E-9250-95DF082655EB}.Release|iPhone.Build.0 = Release|iPhone
		{21083396-BFF1-477E-9250-95DF082655EB}.Release|iPhoneSimulator.ActiveCfg = Release|iPhoneSimulator
		{21083396-BFF1-477E-9250-95DF082655EB}.Release|iPhoneSimulator.Build.0 = Release|iPhoneSimulator
	EndGlobalSection
	GlobalSection(SolutionProperties) = preSolution
		HideSolutionNode = FALSE
	EndGlobalSection
EndGlobal
